
Microsoft Visual Studio Solution File, Format Version 12.00
# Visual Studio Version 17
VisualStudioVersion = 17.9.34622.214
MinimumVisualStudioVersion = 10.0.40219.1
Project("{FAE04EC0-301F-11D3-BF4B-00C04F79EFBC}") = "AdminEsTacna", "AdminEsTacna.csproj", "{8025F87A-583B-4DFE-86DC-DBD9AA31B2E1}"
EndProject
Global
	GlobalSection(SolutionConfigurationPlatforms) = preSolution
		Debug|Any CPU = Debug|Any CPU
		Release|Any CPU = Release|Any CPU
	EndGlobalSection
	GlobalSection(ProjectConfigurationPlatforms) = postSolution
		{8025F87A-583B-4DFE-86DC-DBD9AA31B2E1}.Debug|Any CPU.ActiveCfg = Debug|Any CPU
		{8025F87A-583B-4DFE-86DC-DBD9AA31B2E1}.Debug|Any CPU.Build.0 = Debug|Any CPU
		{8025F87A-583B-4DFE-86DC-DBD9AA31B2E1}.Release|Any CPU.ActiveCfg = Release|Any CPU
		{8025F87A-583B-4DFE-86DC-DBD9AA31B2E1}.Release|Any CPU.Build.0 = Release|Any CPU
	EndGlobalSection
	GlobalSection(SolutionProperties) = preSolution
		HideSolutionNode = FALSE
	EndGlobalSection
	GlobalSection(ExtensibilityGlobals) = postSolution
		SolutionGuid = {8B8CC74F-2CF7-43D2-AD77-F6BC9C8E6ED2}
	EndGlobalSection
EndGlobal
